
Microsoft Visual Studio Solution File, Format Version 12.00
# Visual Studio Version 17
VisualStudioVersion = 17.2.32526.322
MinimumVisualStudioVersion = 10.0.40219.1
Project("{2150E333-8FDC-42A3-9474-1A3956D46DE8}") = "Infrastructure", "Infrastructure", "{5C5C8F83-8720-4837-B34D-F89E7FA368C8}"
EndProject
Project("{9A19103F-16F7-4668-BE54-9A1E7A4F7556}") = "Test.Api", "API.Starter\Test.Api.csproj", "{60868C7C-BE64-4F6E-98A9-A3538FF6931B}"
EndProject
Project("{9A19103F-16F7-4668-BE54-9A1E7A4F7556}") = "Business", "Business\Business.csproj", "{C608633F-E9B4-46BC-BF6B-5BDF174FD8B8}"
EndProject
Project("{9A19103F-16F7-4668-BE54-9A1E7A4F7556}") = "Common", "Common\Common.csproj", "{F3382716-CED2-486E-BE31-15E8431D63DD}"
EndProject
Project("{9A19103F-16F7-4668-BE54-9A1E7A4F7556}") = "Config", "Config\Config.csproj", "{187D9E72-ED72-4FF3-8F34-EBFD8F1CAB70}"
EndProject
Project("{9A19103F-16F7-4668-BE54-9A1E7A4F7556}") = "Persistence", "Persistence\Persistence.csproj", "{AE967925-A1F6-477D-B83F-0C5A1130098A}"
EndProject
Project("{9A19103F-16F7-4668-BE54-9A1E7A4F7556}") = "API.Starter.Tests", "API.Starter.Tests\API.Starter.Tests.csproj", "{2E733511-5D1F-45ED-BB29-197840C57766}"
EndProject
Global
	GlobalSection(SolutionConfigurationPlatforms) = preSolution
		Debug|Any CPU = Debug|Any CPU
		Release|Any CPU = Release|Any CPU
	EndGlobalSection
	GlobalSection(ProjectConfigurationPlatforms) = postSolution
		{60868C7C-BE64-4F6E-98A9-A3538FF6931B}.Debug|Any CPU.ActiveCfg = Debug|Any CPU
		{60868C7C-BE64-4F6E-98A9-A3538FF6931B}.Debug|Any CPU.Build.0 = Debug|Any CPU
		{60868C7C-BE64-4F6E-98A9-A3538FF6931B}.Release|Any CPU.ActiveCfg = Release|Any CPU
		{60868C7C-BE64-4F6E-98A9-A3538FF6931B}.Release|Any CPU.Build.0 = Release|Any CPU
		{C608633F-E9B4-46BC-BF6B-5BDF174FD8B8}.Debug|Any CPU.ActiveCfg = Debug|Any CPU
		{C608633F-E9B4-46BC-BF6B-5BDF174FD8B8}.Debug|Any CPU.Build.0 = Debug|Any CPU
		{C608633F-E9B4-46BC-BF6B-5BDF174FD8B8}.Release|Any CPU.ActiveCfg = Release|Any CPU
		{C608633F-E9B4-46BC-BF6B-5BDF174FD8B8}.Release|Any CPU.Build.0 = Release|Any CPU
		{F3382716-CED2-486E-BE31-15E8431D63DD}.Debug|Any CPU.ActiveCfg = Debug|Any CPU
		{F3382716-CED2-486E-BE31-15E8431D63DD}.Debug|Any CPU.Build.0 = Debug|Any CPU
		{F3382716-CED2-486E-BE31-15E8431D63DD}.Release|Any CPU.ActiveCfg = Release|Any CPU
		{F3382716-CED2-486E-BE31-15E8431D63DD}.Release|Any CPU.Build.0 = Release|Any CPU
		{187D9E72-ED72-4FF3-8F34-EBFD8F1CAB70}.Debug|Any CPU.ActiveCfg = Debug|Any CPU
		{187D9E72-ED72-4FF3-8F34-EBFD8F1CAB70}.Debug|Any CPU.Build.0 = Debug|Any CPU
		{187D9E72-ED72-4FF3-8F34-EBFD8F1CAB70}.Release|Any CPU.ActiveCfg = Release|Any CPU
		{187D9E72-ED72-4FF3-8F34-EBFD8F1CAB70}.Release|Any CPU.Build.0 = Release|Any CPU
		{AE967925-A1F6-477D-B83F-0C5A1130098A}.Debug|Any CPU.ActiveCfg = Debug|Any CPU
		{AE967925-A1F6-477D-B83F-0C5A1130098A}.Debug|Any CPU.Build.0 = Debug|Any CPU
		{AE967925-A1F6-477D-B83F-0C5A1130098A}.Release|Any CPU.ActiveCfg = Release|Any CPU
		{AE967925-A1F6-477D-B83F-0C5A1130098A}.Release|Any CPU.Build.0 = Release|Any CPU
		{2E733511-5D1F-45ED-BB29-197840C57766}.Debug|Any CPU.ActiveCfg = Debug|Any CPU
		{2E733511-5D1F-45ED-BB29-197840C57766}.Debug|Any CPU.Build.0 = Debug|Any CPU
		{2E733511-5D1F-45ED-BB29-197840C57766}.Release|Any CPU.ActiveCfg = Release|Any CPU
		{2E733511-5D1F-45ED-BB29-197840C57766}.Release|Any CPU.Build.0 = Release|Any CPU
	EndGlobalSection
	GlobalSection(SolutionProperties) = preSolution
		HideSolutionNode = FALSE
	EndGlobalSection
	GlobalSection(ExtensibilityGlobals) = postSolution
		SolutionGuid = {FA7B6342-514F-4928-8757-EEBC133F97F8}
	EndGlobalSection
EndGlobal
